
Microsoft Visual Studio Solution File, Format Version 12.00
# Visual Studio 15
VisualStudioVersion = 15.0.27428.2027
MinimumVisualStudioVersion = 10.0.40219.1
Project("{FAE04EC0-301F-11D3-BF4B-00C04F79EFBC}") = "ClassLibrary1", "ClassLibrary1\ClassLibrary1.csproj", "{F66E2E3A-9BB6-41A4-8670-30A0E5586E8E}"
EndProject
Project("{FAE04EC0-301F-11D3-BF4B-00C04F79EFBC}") = "ClassLibrary2", "ClassLibrary2\ClassLibrary2.csproj", "{0E3EDD6D-C5E0-4657-8F67-3BBCE1F9BB93}"
EndProject
Global
	GlobalSection(SolutionConfigurationPlatforms) = preSolution
		Debug|Any CPU = Debug|Any CPU
		Release|Any CPU = Release|Any CPU
	EndGlobalSection
	GlobalSection(ProjectConfigurationPlatforms) = postSolution
		{F66E2E3A-9BB6-41A4-8670-30A0E5586E8E}.Debug|Any CPU.ActiveCfg = Debug|Any CPU
		{F66E2E3A-9BB6-41A4-8670-30A0E5586E8E}.Debug|Any CPU.Build.0 = Debug|Any CPU
		{F66E2E3A-9BB6-41A4-8670-30A0E5586E8E}.Release|Any CPU.ActiveCfg = Release|Any CPU
		{F66E2E3A-9BB6-41A4-8670-30A0E5586E8E}.Release|Any CPU.Build.0 = Release|Any CPU
		{0E3EDD6D-C5E0-4657-8F67-3BBCE1F9BB93}.Debug|Any CPU.ActiveCfg = Debug|Any CPU
		{0E3EDD6D-C5E0-4657-8F67-3BBCE1F9BB93}.Debug|Any CPU.Build.0 = Debug|Any CPU
		{0E3EDD6D-C5E0-4657-8F67-3BBCE1F9BB93}.Release|Any CPU.ActiveCfg = Release|Any CPU
		{0E3EDD6D-C5E0-4657-8F67-3BBCE1F9BB93}.Release|Any CPU.Build.0 = Release|Any CPU
	EndGlobalSection
	GlobalSection(SolutionProperties) = preSolution
		HideSolutionNode = FALSE
	EndGlobalSection
	GlobalSection(ExtensibilityGlobals) = postSolution
		SolutionGuid = {CDC83FA2-077E-49AB-85DF-E68A1EE34ADA}
	EndGlobalSection
EndGlobal
